{
  "requires": true,
  "lockfileVersion": 1,
  "dependencies": {
    "@ionic/react-test-utils": {
      "version": "0.0.3",
      "resolved": "https://registry.npmjs.org/@ionic/react-test-utils/-/react-test-utils-0.0.3.tgz",
      "integrity": "sha512-7Sj3Hp0lWYov/3UjXt0rBYSnjOMk2ROL/fL5bQf5u6C3WMeYgWbj9c4P4mVWY2xFauPLrAjskmI4eh2Ml4SUiw=="
    }
  }
}
